
Microsoft Visual Studio Solution File, Format Version 12.00
# Visual Studio Version 17
VisualStudioVersion = 17.11.35327.3
MinimumVisualStudioVersion = 10.0.40219.1
Project("{FAE04EC0-301F-11D3-BF4B-00C04F79EFBC}") = "TicketReservationApplication", "TicketReservationApplication\TicketReservationApplication.csproj", "{B61C74AA-7A74-467C-ADBC-B65C1D10FE65}"
EndProject
Global
	GlobalSection(SolutionConfigurationPlatforms) = preSolution
		Debug|Any CPU = Debug|Any CPU
		Release|Any CPU = Release|Any CPU
	EndGlobalSection
	GlobalSection(ProjectConfigurationPlatforms) = postSolution
		{B61C74AA-7A74-467C-ADBC-B65C1D10FE65}.Debug|Any CPU.ActiveCfg = Debug|Any CPU
		{B61C74AA-7A74-467C-ADBC-B65C1D10FE65}.Debug|Any CPU.Build.0 = Debug|Any CPU
		{B61C74AA-7A74-467C-ADBC-B65C1D10FE65}.Release|Any CPU.ActiveCfg = Release|Any CPU
		{B61C74AA-7A74-467C-ADBC-B65C1D10FE65}.Release|Any CPU.Build.0 = Release|Any CPU
	EndGlobalSection
	GlobalSection(SolutionProperties) = preSolution
		HideSolutionNode = FALSE
	EndGlobalSection
	GlobalSection(ExtensibilityGlobals) = postSolution
		SolutionGuid = {A21A1803-97B1-4008-8ADB-98CA326EBE4C}
	EndGlobalSection
EndGlobal
